
Microsoft Visual Studio Solution File, Format Version 12.00
# Visual Studio Version 16
VisualStudioVersion = 16.0.29411.108
MinimumVisualStudioVersion = 10.0.40219.1
Project("{9A19103F-16F7-4668-BE54-9A1E7A4F7556}") = "Replication.OperationsProcessing", "src\Replication.OperationsProcessing\Replication.OperationsProcessing.csproj", "{8E3D39D6-6BEE-4EDC-ACE0-8C24CA929164}"
EndProject
Project("{2150E333-8FDC-42A3-9474-1A3956D46DE8}") = "build", "build", "{D0CF69C9-AB27-4062-8B7A-D7391C65EFE3}"
EndProject
Project("{9A19103F-16F7-4668-BE54-9A1E7A4F7556}") = "Hosting.Common", "src\Hosting.Common\Hosting.Common.csproj", "{D4238D0C-3315-4449-B1AE-80F716D58D04}"
EndProject
Project("{9A19103F-16F7-4668-BE54-9A1E7A4F7556}") = "Replication.Core", "src\Replication.Core\Replication.Core.csproj", "{E45717BE-86C8-425B-BB13-0E69053EF040}"
EndProject
Project("{9A19103F-16F7-4668-BE54-9A1E7A4F7556}") = "StateInitialization.Core", "src\StateInitialization.Core\StateInitialization.Core.csproj", "{55B42FA4-EC9E-4F22-95ED-C219637699FD}"
EndProject
Project("{9A19103F-16F7-4668-BE54-9A1E7A4F7556}") = "build", "build\build.csproj", "{8D547BD0-0127-4FC4-AD50-ECDD7BB17152}"
EndProject
Project("{9A19103F-16F7-4668-BE54-9A1E7A4F7556}") = "Replication.Core.Tests", "test\Replication.Core.Tests\Replication.Core.Tests.csproj", "{90D0325C-AC7E-4CAD-8A9D-E7F1E7CDBCCB}"
EndProject
Global
	GlobalSection(SolutionConfigurationPlatforms) = preSolution
		Debug|Any CPU = Debug|Any CPU
		Release|Any CPU = Release|Any CPU
	EndGlobalSection
	GlobalSection(ProjectConfigurationPlatforms) = postSolution
		{8E3D39D6-6BEE-4EDC-ACE0-8C24CA929164}.Debug|Any CPU.ActiveCfg = Debug|Any CPU
		{8E3D39D6-6BEE-4EDC-ACE0-8C24CA929164}.Debug|Any CPU.Build.0 = Debug|Any CPU
		{8E3D39D6-6BEE-4EDC-ACE0-8C24CA929164}.Release|Any CPU.ActiveCfg = Release|Any CPU
		{8E3D39D6-6BEE-4EDC-ACE0-8C24CA929164}.Release|Any CPU.Build.0 = Release|Any CPU
		{D4238D0C-3315-4449-B1AE-80F716D58D04}.Debug|Any CPU.ActiveCfg = Debug|Any CPU
		{D4238D0C-3315-4449-B1AE-80F716D58D04}.Debug|Any CPU.Build.0 = Debug|Any CPU
		{D4238D0C-3315-4449-B1AE-80F716D58D04}.Release|Any CPU.ActiveCfg = Release|Any CPU
		{D4238D0C-3315-4449-B1AE-80F716D58D04}.Release|Any CPU.Build.0 = Release|Any CPU
		{E45717BE-86C8-425B-BB13-0E69053EF040}.Debug|Any CPU.ActiveCfg = Debug|Any CPU
		{E45717BE-86C8-425B-BB13-0E69053EF040}.Debug|Any CPU.Build.0 = Debug|Any CPU
		{E45717BE-86C8-425B-BB13-0E69053EF040}.Release|Any CPU.ActiveCfg = Release|Any CPU
		{E45717BE-86C8-425B-BB13-0E69053EF040}.Release|Any CPU.Build.0 = Release|Any CPU
		{55B42FA4-EC9E-4F22-95ED-C219637699FD}.Debug|Any CPU.ActiveCfg = Debug|Any CPU
		{55B42FA4-EC9E-4F22-95ED-C219637699FD}.Debug|Any CPU.Build.0 = Debug|Any CPU
		{55B42FA4-EC9E-4F22-95ED-C219637699FD}.Release|Any CPU.ActiveCfg = Release|Any CPU
		{55B42FA4-EC9E-4F22-95ED-C219637699FD}.Release|Any CPU.Build.0 = Release|Any CPU
		{8D547BD0-0127-4FC4-AD50-ECDD7BB17152}.Debug|Any CPU.ActiveCfg = Debug|Any CPU
		{8D547BD0-0127-4FC4-AD50-ECDD7BB17152}.Debug|Any CPU.Build.0 = Debug|Any CPU
		{8D547BD0-0127-4FC4-AD50-ECDD7BB17152}.Release|Any CPU.ActiveCfg = Release|Any CPU
		{8D547BD0-0127-4FC4-AD50-ECDD7BB17152}.Release|Any CPU.Build.0 = Release|Any CPU
		{90D0325C-AC7E-4CAD-8A9D-E7F1E7CDBCCB}.Debug|Any CPU.ActiveCfg = Debug|Any CPU
		{90D0325C-AC7E-4CAD-8A9D-E7F1E7CDBCCB}.Debug|Any CPU.Build.0 = Debug|Any CPU
		{90D0325C-AC7E-4CAD-8A9D-E7F1E7CDBCCB}.Release|Any CPU.ActiveCfg = Release|Any CPU
		{90D0325C-AC7E-4CAD-8A9D-E7F1E7CDBCCB}.Release|Any CPU.Build.0 = Release|Any CPU
	EndGlobalSection
	GlobalSection(SolutionProperties) = preSolution
		HideSolutionNode = FALSE
	EndGlobalSection
	GlobalSection(NestedProjects) = preSolution
		{8D547BD0-0127-4FC4-AD50-ECDD7BB17152} = {D0CF69C9-AB27-4062-8B7A-D7391C65EFE3}
	EndGlobalSection
EndGlobal
