
Microsoft Visual Studio Solution File, Format Version 12.00
# Visual Studio Version 16
VisualStudioVersion = 16.0.28714.193
MinimumVisualStudioVersion = 10.0.40219.1
Project("{2150E333-8FDC-42A3-9474-1A3956D46DE8}") = "build", "build", "{D0CF69C9-AB27-4062-8B7A-D7391C65EFE3}"
EndProject
Project("{9A19103F-16F7-4668-BE54-9A1E7A4F7556}") = "build", "build\build.csproj", "{8D547BD0-0127-4FC4-AD50-ECDD7BB17152}"
EndProject
Project("{2150E333-8FDC-42A3-9474-1A3956D46DE8}") = "test", "test", "{D5758A2D-BB93-47E5-A13B-4EEC203D4371}"
EndProject
Project("{2150E333-8FDC-42A3-9474-1A3956D46DE8}") = "replication", "replication", "{CC56ADEE-00EC-45F4-9BA6-548BA40C45F0}"
EndProject
Project("{9A19103F-16F7-4668-BE54-9A1E7A4F7556}") = "ValidationRules.Storage", "src\ValidationRules.Storage\ValidationRules.Storage.csproj", "{E799A2EE-408F-467A-8B50-FC729E92D3F3}"
EndProject
Project("{9A19103F-16F7-4668-BE54-9A1E7A4F7556}") = "ValidationRules.Hosting.Common", "src\ValidationRules.Hosting.Common\ValidationRules.Hosting.Common.csproj", "{876CF585-D099-4C5A-949E-E76DA08764D8}"
EndProject
Project("{9A19103F-16F7-4668-BE54-9A1E7A4F7556}") = "ValidationRules.OperationsProcessing", "src\ValidationRules.OperationsProcessing\ValidationRules.OperationsProcessing.csproj", "{6C1F4B07-10E4-4072-929A-0FDCDF53BF1B}"
EndProject
Project("{9A19103F-16F7-4668-BE54-9A1E7A4F7556}") = "ValidationRules.SingleCheck", "src\ValidationRules.SingleCheck\ValidationRules.SingleCheck.csproj", "{2AEE5EB1-9F9F-49D3-8AA3-A9C9338AAF4B}"
EndProject
Project("{9A19103F-16F7-4668-BE54-9A1E7A4F7556}") = "ValidationRules.Replication", "src\ValidationRules.Replication\ValidationRules.Replication.csproj", "{855B881B-8AF1-4E7D-9CB4-9BD8232AAFBC}"
EndProject
Project("{FAE04EC0-301F-11D3-BF4B-00C04F79EFBC}") = "ValidationRules.Querying.Host", "src\ValidationRules.Querying.Host\ValidationRules.Querying.Host.csproj", "{A079B81C-62EC-4658-B8A6-F5E597976DAB}"
EndProject
Project("{9A19103F-16F7-4668-BE54-9A1E7A4F7556}") = "ValidationRules.Replication.Host", "src\ValidationRules.Replication.Host\ValidationRules.Replication.Host.csproj", "{EFBD4527-7297-4329-81E3-3D1C0C99EC2F}"
EndProject
Project("{9A19103F-16F7-4668-BE54-9A1E7A4F7556}") = "ValidationRules.StateInitialization.Host", "src\ValidationRules.StateInitialization.Host\ValidationRules.StateInitialization.Host.csproj", "{007E4716-14A6-457E-991C-66AFFD9D212E}"
EndProject
Project("{9A19103F-16F7-4668-BE54-9A1E7A4F7556}") = "ValidationRules.Replication.Tests", "test\ValidationRules.Replication.Tests\ValidationRules.Replication.Tests.csproj", "{0AC56434-B3DA-48FB-B896-96E45D3122CE}"
EndProject
Project("{9A19103F-16F7-4668-BE54-9A1E7A4F7556}") = "ValidationRules.Replication.StateInitialization.Tests", "test\ValidationRules.Replication.StateInitialization.Tests\ValidationRules.Replication.StateInitialization.Tests.csproj", "{70926221-57BA-4FBC-949F-2BFABA903480}"
EndProject
Project("{9A19103F-16F7-4668-BE54-9A1E7A4F7556}") = "ValidationRules.Replication.DatabaseComparison.Tests", "test\ValidationRules.Replication.DatabaseComparison.Tests\ValidationRules.Replication.DatabaseComparison.Tests.csproj", "{3E0D8363-B4B7-475A-975E-6A2FDAB8831E}"
EndProject
Project("{2150E333-8FDC-42A3-9474-1A3956D46DE8}") = "environments", "environments", "{2BD0C7B2-8BF2-4867-AEA9-069B1587A45E}"
	ProjectSection(SolutionItems) = preProject
		environments\Erm.config = environments\Erm.config
		environments\Erm.Load.config = environments\Erm.Load.config
		environments\Erm.Production.config = environments\Erm.Production.config
		environments\quartz.Production.config = environments\quartz.Production.config
		environments\quartz.Production.Russia.config = environments\quartz.Production.Russia.config
	EndProjectSection
EndProject
Project("{2150E333-8FDC-42A3-9474-1A3956D46DE8}") = "Common", "Common", "{286AF053-EC9B-4746-93B9-28A3DBB7C9F3}"
	ProjectSection(SolutionItems) = preProject
		environments\Common\Erm.Release.config = environments\Common\Erm.Release.config
	EndProjectSection
EndProject
Project("{2150E333-8FDC-42A3-9474-1A3956D46DE8}") = "Templates", "Templates", "{20619483-64A9-4413-9167-E9436494D22E}"
	ProjectSection(SolutionItems) = preProject
		environments\Templates\Erm.Test.config = environments\Templates\Erm.Test.config
		environments\Templates\quartz.Test.config = environments\Templates\quartz.Test.config
		environments\Templates\quartz.Test.Russia.config = environments\Templates\quartz.Test.Russia.config
	EndProjectSection
EndProject
Project("{9A19103F-16F7-4668-BE54-9A1E7A4F7556}") = "Replication.Core", "src\Replication.Core\Replication.Core.csproj", "{D919999A-7708-4F55-9600-D34EBD4EC36C}"
EndProject
Project("{9A19103F-16F7-4668-BE54-9A1E7A4F7556}") = "Replication.OperationsProcessing", "src\Replication.OperationsProcessing\Replication.OperationsProcessing.csproj", "{365160E4-6FC5-4CD9-AAB6-9367BCCE0E15}"
EndProject
Project("{9A19103F-16F7-4668-BE54-9A1E7A4F7556}") = "Hosting.Common", "src\Hosting.Common\Hosting.Common.csproj", "{BBC660B1-D17E-4747-A96A-591CE469296D}"
EndProject
Project("{9A19103F-16F7-4668-BE54-9A1E7A4F7556}") = "StateInitialization.Core", "src\StateInitialization.Core\StateInitialization.Core.csproj", "{F01E5C87-97A4-4095-B552-05D9BD9762DA}"
EndProject
Project("{FAE04EC0-301F-11D3-BF4B-00C04F79EFBC}") = "Replication.Core.Tests", "test\Replication.Core.Tests\Replication.Core.Tests.csproj", "{DADB9A41-F41B-40CE-9D68-1BB19EC9523B}"
EndProject
Global
	GlobalSection(SolutionConfigurationPlatforms) = preSolution
		Debug|Any CPU = Debug|Any CPU
		Release|Any CPU = Release|Any CPU
	EndGlobalSection
	GlobalSection(ProjectConfigurationPlatforms) = postSolution
		{8D547BD0-0127-4FC4-AD50-ECDD7BB17152}.Debug|Any CPU.ActiveCfg = Debug|Any CPU
		{8D547BD0-0127-4FC4-AD50-ECDD7BB17152}.Debug|Any CPU.Build.0 = Debug|Any CPU
		{8D547BD0-0127-4FC4-AD50-ECDD7BB17152}.Release|Any CPU.ActiveCfg = Release|Any CPU
		{8D547BD0-0127-4FC4-AD50-ECDD7BB17152}.Release|Any CPU.Build.0 = Release|Any CPU
		{E799A2EE-408F-467A-8B50-FC729E92D3F3}.Debug|Any CPU.ActiveCfg = Debug|Any CPU
		{E799A2EE-408F-467A-8B50-FC729E92D3F3}.Debug|Any CPU.Build.0 = Debug|Any CPU
		{E799A2EE-408F-467A-8B50-FC729E92D3F3}.Release|Any CPU.ActiveCfg = Release|Any CPU
		{E799A2EE-408F-467A-8B50-FC729E92D3F3}.Release|Any CPU.Build.0 = Release|Any CPU
		{876CF585-D099-4C5A-949E-E76DA08764D8}.Debug|Any CPU.ActiveCfg = Debug|Any CPU
		{876CF585-D099-4C5A-949E-E76DA08764D8}.Debug|Any CPU.Build.0 = Debug|Any CPU
		{876CF585-D099-4C5A-949E-E76DA08764D8}.Release|Any CPU.ActiveCfg = Release|Any CPU
		{876CF585-D099-4C5A-949E-E76DA08764D8}.Release|Any CPU.Build.0 = Release|Any CPU
		{6C1F4B07-10E4-4072-929A-0FDCDF53BF1B}.Debug|Any CPU.ActiveCfg = Debug|Any CPU
		{6C1F4B07-10E4-4072-929A-0FDCDF53BF1B}.Debug|Any CPU.Build.0 = Debug|Any CPU
		{6C1F4B07-10E4-4072-929A-0FDCDF53BF1B}.Release|Any CPU.ActiveCfg = Release|Any CPU
		{6C1F4B07-10E4-4072-929A-0FDCDF53BF1B}.Release|Any CPU.Build.0 = Release|Any CPU
		{2AEE5EB1-9F9F-49D3-8AA3-A9C9338AAF4B}.Debug|Any CPU.ActiveCfg = Debug|Any CPU
		{2AEE5EB1-9F9F-49D3-8AA3-A9C9338AAF4B}.Debug|Any CPU.Build.0 = Debug|Any CPU
		{2AEE5EB1-9F9F-49D3-8AA3-A9C9338AAF4B}.Release|Any CPU.ActiveCfg = Release|Any CPU
		{2AEE5EB1-9F9F-49D3-8AA3-A9C9338AAF4B}.Release|Any CPU.Build.0 = Release|Any CPU
		{855B881B-8AF1-4E7D-9CB4-9BD8232AAFBC}.Debug|Any CPU.ActiveCfg = Debug|Any CPU
		{855B881B-8AF1-4E7D-9CB4-9BD8232AAFBC}.Debug|Any CPU.Build.0 = Debug|Any CPU
		{855B881B-8AF1-4E7D-9CB4-9BD8232AAFBC}.Release|Any CPU.ActiveCfg = Release|Any CPU
		{855B881B-8AF1-4E7D-9CB4-9BD8232AAFBC}.Release|Any CPU.Build.0 = Release|Any CPU
		{A079B81C-62EC-4658-B8A6-F5E597976DAB}.Debug|Any CPU.ActiveCfg = Debug|Any CPU
		{A079B81C-62EC-4658-B8A6-F5E597976DAB}.Debug|Any CPU.Build.0 = Debug|Any CPU
		{A079B81C-62EC-4658-B8A6-F5E597976DAB}.Release|Any CPU.ActiveCfg = Release|Any CPU
		{A079B81C-62EC-4658-B8A6-F5E597976DAB}.Release|Any CPU.Build.0 = Release|Any CPU
		{EFBD4527-7297-4329-81E3-3D1C0C99EC2F}.Debug|Any CPU.ActiveCfg = Debug|Any CPU
		{EFBD4527-7297-4329-81E3-3D1C0C99EC2F}.Debug|Any CPU.Build.0 = Debug|Any CPU
		{EFBD4527-7297-4329-81E3-3D1C0C99EC2F}.Release|Any CPU.ActiveCfg = Release|Any CPU
		{EFBD4527-7297-4329-81E3-3D1C0C99EC2F}.Release|Any CPU.Build.0 = Release|Any CPU
		{007E4716-14A6-457E-991C-66AFFD9D212E}.Debug|Any CPU.ActiveCfg = Debug|Any CPU
		{007E4716-14A6-457E-991C-66AFFD9D212E}.Debug|Any CPU.Build.0 = Debug|Any CPU
		{007E4716-14A6-457E-991C-66AFFD9D212E}.Release|Any CPU.ActiveCfg = Release|Any CPU
		{007E4716-14A6-457E-991C-66AFFD9D212E}.Release|Any CPU.Build.0 = Release|Any CPU
		{0AC56434-B3DA-48FB-B896-96E45D3122CE}.Debug|Any CPU.ActiveCfg = Debug|Any CPU
		{0AC56434-B3DA-48FB-B896-96E45D3122CE}.Debug|Any CPU.Build.0 = Debug|Any CPU
		{0AC56434-B3DA-48FB-B896-96E45D3122CE}.Release|Any CPU.ActiveCfg = Release|Any CPU
		{0AC56434-B3DA-48FB-B896-96E45D3122CE}.Release|Any CPU.Build.0 = Release|Any CPU
		{70926221-57BA-4FBC-949F-2BFABA903480}.Debug|Any CPU.ActiveCfg = Debug|Any CPU
		{70926221-57BA-4FBC-949F-2BFABA903480}.Debug|Any CPU.Build.0 = Debug|Any CPU
		{70926221-57BA-4FBC-949F-2BFABA903480}.Release|Any CPU.ActiveCfg = Release|Any CPU
		{70926221-57BA-4FBC-949F-2BFABA903480}.Release|Any CPU.Build.0 = Release|Any CPU
		{3E0D8363-B4B7-475A-975E-6A2FDAB8831E}.Debug|Any CPU.ActiveCfg = Debug|Any CPU
		{3E0D8363-B4B7-475A-975E-6A2FDAB8831E}.Debug|Any CPU.Build.0 = Debug|Any CPU
		{3E0D8363-B4B7-475A-975E-6A2FDAB8831E}.Release|Any CPU.ActiveCfg = Release|Any CPU
		{3E0D8363-B4B7-475A-975E-6A2FDAB8831E}.Release|Any CPU.Build.0 = Release|Any CPU
		{D919999A-7708-4F55-9600-D34EBD4EC36C}.Debug|Any CPU.ActiveCfg = Debug|Any CPU
		{D919999A-7708-4F55-9600-D34EBD4EC36C}.Debug|Any CPU.Build.0 = Debug|Any CPU
		{D919999A-7708-4F55-9600-D34EBD4EC36C}.Release|Any CPU.ActiveCfg = Release|Any CPU
		{D919999A-7708-4F55-9600-D34EBD4EC36C}.Release|Any CPU.Build.0 = Release|Any CPU
		{365160E4-6FC5-4CD9-AAB6-9367BCCE0E15}.Debug|Any CPU.ActiveCfg = Debug|Any CPU
		{365160E4-6FC5-4CD9-AAB6-9367BCCE0E15}.Debug|Any CPU.Build.0 = Debug|Any CPU
		{365160E4-6FC5-4CD9-AAB6-9367BCCE0E15}.Release|Any CPU.ActiveCfg = Release|Any CPU
		{365160E4-6FC5-4CD9-AAB6-9367BCCE0E15}.Release|Any CPU.Build.0 = Release|Any CPU
		{BBC660B1-D17E-4747-A96A-591CE469296D}.Debug|Any CPU.ActiveCfg = Debug|Any CPU
		{BBC660B1-D17E-4747-A96A-591CE469296D}.Debug|Any CPU.Build.0 = Debug|Any CPU
		{BBC660B1-D17E-4747-A96A-591CE469296D}.Release|Any CPU.ActiveCfg = Release|Any CPU
		{BBC660B1-D17E-4747-A96A-591CE469296D}.Release|Any CPU.Build.0 = Release|Any CPU
		{F01E5C87-97A4-4095-B552-05D9BD9762DA}.Debug|Any CPU.ActiveCfg = Debug|Any CPU
		{F01E5C87-97A4-4095-B552-05D9BD9762DA}.Debug|Any CPU.Build.0 = Debug|Any CPU
		{F01E5C87-97A4-4095-B552-05D9BD9762DA}.Release|Any CPU.ActiveCfg = Release|Any CPU
		{F01E5C87-97A4-4095-B552-05D9BD9762DA}.Release|Any CPU.Build.0 = Release|Any CPU
		{DADB9A41-F41B-40CE-9D68-1BB19EC9523B}.Debug|Any CPU.ActiveCfg = Debug|Any CPU
		{DADB9A41-F41B-40CE-9D68-1BB19EC9523B}.Debug|Any CPU.Build.0 = Debug|Any CPU
		{DADB9A41-F41B-40CE-9D68-1BB19EC9523B}.Release|Any CPU.ActiveCfg = Release|Any CPU
		{DADB9A41-F41B-40CE-9D68-1BB19EC9523B}.Release|Any CPU.Build.0 = Release|Any CPU
	EndGlobalSection
	GlobalSection(SolutionProperties) = preSolution
		HideSolutionNode = FALSE
	EndGlobalSection
	GlobalSection(NestedProjects) = preSolution
		{8D547BD0-0127-4FC4-AD50-ECDD7BB17152} = {D0CF69C9-AB27-4062-8B7A-D7391C65EFE3}
		{E799A2EE-408F-467A-8B50-FC729E92D3F3} = {CC56ADEE-00EC-45F4-9BA6-548BA40C45F0}
		{6C1F4B07-10E4-4072-929A-0FDCDF53BF1B} = {CC56ADEE-00EC-45F4-9BA6-548BA40C45F0}
		{2AEE5EB1-9F9F-49D3-8AA3-A9C9338AAF4B} = {CC56ADEE-00EC-45F4-9BA6-548BA40C45F0}
		{855B881B-8AF1-4E7D-9CB4-9BD8232AAFBC} = {CC56ADEE-00EC-45F4-9BA6-548BA40C45F0}
		{0AC56434-B3DA-48FB-B896-96E45D3122CE} = {D5758A2D-BB93-47E5-A13B-4EEC203D4371}
		{70926221-57BA-4FBC-949F-2BFABA903480} = {D5758A2D-BB93-47E5-A13B-4EEC203D4371}
		{3E0D8363-B4B7-475A-975E-6A2FDAB8831E} = {D5758A2D-BB93-47E5-A13B-4EEC203D4371}
		{286AF053-EC9B-4746-93B9-28A3DBB7C9F3} = {2BD0C7B2-8BF2-4867-AEA9-069B1587A45E}
		{20619483-64A9-4413-9167-E9436494D22E} = {2BD0C7B2-8BF2-4867-AEA9-069B1587A45E}
		{D919999A-7708-4F55-9600-D34EBD4EC36C} = {CC56ADEE-00EC-45F4-9BA6-548BA40C45F0}
		{365160E4-6FC5-4CD9-AAB6-9367BCCE0E15} = {CC56ADEE-00EC-45F4-9BA6-548BA40C45F0}
		{DADB9A41-F41B-40CE-9D68-1BB19EC9523B} = {D5758A2D-BB93-47E5-A13B-4EEC203D4371}
	EndGlobalSection
	GlobalSection(ExtensibilityGlobals) = postSolution
		SolutionGuid = {E2E29DCD-1A76-42B9-A70B-05333BA3C557}
		EnterpriseLibraryConfigurationToolBinariesPathV6 = packages\EnterpriseLibrary.TransientFaultHandling.6.0.1304.0\lib\portable-net45+win+wp8;packages\EnterpriseLibrary.TransientFaultHandling.ServiceBus.6.0.1304.0\lib\NET45
	EndGlobalSection
EndGlobal
